
Microsoft Visual Studio Solution File, Format Version 12.00
# Visual Studio Version 16
VisualStudioVersion = 16.0.30011.22
MinimumVisualStudioVersion = 10.0.40219.1
Project("{FAE04EC0-301F-11D3-BF4B-00C04F79EFBC}") = "Snakey", "Snakey\Snakey.csproj", "{4B1EAC67-F93F-496D-B435-1F704D4E8139}"
EndProject
Global
	GlobalSection(SolutionConfigurationPlatforms) = preSolution
		Debug|Any CPU = Debug|Any CPU
		Release|Any CPU = Release|Any CPU
	EndGlobalSection
	GlobalSection(ProjectConfigurationPlatforms) = postSolution
		{4B1EAC67-F93F-496D-B435-1F704D4E8139}.Debug|Any CPU.ActiveCfg = Debug|Any CPU
		{4B1EAC67-F93F-496D-B435-1F704D4E8139}.Debug|Any CPU.Build.0 = Debug|Any CPU
		{4B1EAC67-F93F-496D-B435-1F704D4E8139}.Release|Any CPU.ActiveCfg = Release|Any CPU
		{4B1EAC67-F93F-496D-B435-1F704D4E8139}.Release|Any CPU.Build.0 = Release|Any CPU
	EndGlobalSection
	GlobalSection(SolutionProperties) = preSolution
		HideSolutionNode = FALSE
	EndGlobalSection
	GlobalSection(ExtensibilityGlobals) = postSolution
		SolutionGuid = {A4B1691A-8EAC-4645-979D-5FC2C37A5D92}
	EndGlobalSection
EndGlobal
